// !$*UTF8*$!
{
	archiveVersion = 1;
	classes = {
	};
	objectVersion = 50;
	objects = {

/* Begin PBXAggregateTarget section */
		E750977C2434C990008E984C /* GigyaAuth-Universal */ = {
			isa = PBXAggregateTarget;
			buildConfigurationList = E750977D2434C990008E984C /* Build configuration list for PBXAggregateTarget "GigyaAuth-Universal" */;
			buildPhases = (
				E75097802434C9AB008E984C /* ShellScript */,
			);
			dependencies = (
			);
			name = "GigyaAuth-Universal";
			productName = "GigyaAuth-Universal";
		};
/* End PBXAggregateTarget section */

/* Begin PBXBuildFile section */
		E75097822434CA3A008E984C /* Gigya.framework in Frameworks */ = {isa = PBXBuildFile; fileRef = E75097812434CA3A008E984C /* Gigya.framework */; };
		E7791A4D23853A510075BAFD /* GigyaAuth.framework in Frameworks */ = {isa = PBXBuildFile; fileRef = E7791A4323853A510075BAFD /* GigyaAuth.framework */; };
		E7791A5223853A510075BAFD /* GigyaAuthTests.swift in Sources */ = {isa = PBXBuildFile; fileRef = E7791A5123853A510075BAFD /* GigyaAuthTests.swift */; };
		E7791A5423853A510075BAFD /* GigyaAuth.h in Headers */ = {isa = PBXBuildFile; fileRef = E7791A4623853A510075BAFD /* GigyaAuth.h */; settings = {ATTRIBUTES = (Public, ); }; };
		E7791A5E23853DF00075BAFD /* GigyaAuth.swift in Sources */ = {isa = PBXBuildFile; fileRef = E7791A5D23853DF00075BAFD /* GigyaAuth.swift */; };
		E7791A6623853EF40075BAFD /* PushLoginManager.swift in Sources */ = {isa = PBXBuildFile; fileRef = E7791A6523853EF40075BAFD /* PushLoginManager.swift */; };
/* End PBXBuildFile section */

/* Begin PBXContainerItemProxy section */
		E7791A4E23853A510075BAFD /* PBXContainerItemProxy */ = {
			isa = PBXContainerItemProxy;
			containerPortal = E7791A3A23853A510075BAFD /* Project object */;
			proxyType = 1;
			remoteGlobalIDString = E7791A4223853A510075BAFD;
			remoteInfo = GigyaAuth;
		};
/* End PBXContainerItemProxy section */

/* Begin PBXFileReference section */
		E75097812434CA3A008E984C /* Gigya.framework */ = {isa = PBXFileReference; lastKnownFileType = wrapper.framework; path = Gigya.framework; sourceTree = "<group>"; };
		E7791A4323853A510075BAFD /* GigyaAuth.framework */ = {isa = PBXFileReference; explicitFileType = wrapper.framework; includeInIndex = 0; path = GigyaAuth.framework; sourceTree = BUILT_PRODUCTS_DIR; };
		E7791A4623853A510075BAFD /* GigyaAuth.h */ = {isa = PBXFileReference; lastKnownFileType = sourcecode.c.h; path = GigyaAuth.h; sourceTree = "<group>"; };
		E7791A4723853A510075BAFD /* Info.plist */ = {isa = PBXFileReference; lastKnownFileType = text.plist.xml; path = Info.plist; sourceTree = "<group>"; };
		E7791A4C23853A510075BAFD /* GigyaAuthTests.xctest */ = {isa = PBXFileReference; explicitFileType = wrapper.cfbundle; includeInIndex = 0; path = GigyaAuthTests.xctest; sourceTree = BUILT_PRODUCTS_DIR; };
		E7791A5123853A510075BAFD /* GigyaAuthTests.swift */ = {isa = PBXFileReference; lastKnownFileType = sourcecode.swift; path = GigyaAuthTests.swift; sourceTree = "<group>"; };
		E7791A5323853A510075BAFD /* Info.plist */ = {isa = PBXFileReference; lastKnownFileType = text.plist.xml; path = Info.plist; sourceTree = "<group>"; };
		E7791A5D23853DF00075BAFD /* GigyaAuth.swift */ = {isa = PBXFileReference; lastKnownFileType = sourcecode.swift; path = GigyaAuth.swift; sourceTree = "<group>"; };
		E7791A6023853E3C0075BAFD /* Gigya.framework */ = {isa = PBXFileReference; explicitFileType = wrapper.framework; path = Gigya.framework; sourceTree = BUILT_PRODUCTS_DIR; };
		E7791A6523853EF40075BAFD /* PushLoginManager.swift */ = {isa = PBXFileReference; lastKnownFileType = sourcecode.swift; path = PushLoginManager.swift; sourceTree = "<group>"; };
/* End PBXFileReference section */

/* Begin PBXFrameworksBuildPhase section */
		E7791A4023853A510075BAFD /* Frameworks */ = {
			isa = PBXFrameworksBuildPhase;
			buildActionMask = 2147483647;
			files = (
				E75097822434CA3A008E984C /* Gigya.framework in Frameworks */,
			);
			runOnlyForDeploymentPostprocessing = 0;
		};
		E7791A4923853A510075BAFD /* Frameworks */ = {
			isa = PBXFrameworksBuildPhase;
			buildActionMask = 2147483647;
			files = (
				E7791A4D23853A510075BAFD /* GigyaAuth.framework in Frameworks */,
			);
			runOnlyForDeploymentPostprocessing = 0;
		};
/* End PBXFrameworksBuildPhase section */

/* Begin PBXGroup section */
		E7791A3923853A510075BAFD = {
			isa = PBXGroup;
			children = (
				E7791A4523853A510075BAFD /* GigyaAuth */,
				E7791A5023853A510075BAFD /* GigyaAuthTests */,
				E7791A4423853A510075BAFD /* Products */,
				E7791A5F23853E3C0075BAFD /* Frameworks */,
			);
			sourceTree = "<group>";
		};
		E7791A4423853A510075BAFD /* Products */ = {
			isa = PBXGroup;
			children = (
				E7791A4323853A510075BAFD /* GigyaAuth.framework */,
				E7791A4C23853A510075BAFD /* GigyaAuthTests.xctest */,
			);
			name = Products;
			sourceTree = "<group>";
		};
		E7791A4523853A510075BAFD /* GigyaAuth */ = {
			isa = PBXGroup;
			children = (
				E7791A4623853A510075BAFD /* GigyaAuth.h */,
				E7791A6423853EDA0075BAFD /* PushNotifications */,
				E7791A5D23853DF00075BAFD /* GigyaAuth.swift */,
				E7791A4723853A510075BAFD /* Info.plist */,
			);
			path = GigyaAuth;
			sourceTree = "<group>";
		};
		E7791A5023853A510075BAFD /* GigyaAuthTests */ = {
			isa = PBXGroup;
			children = (
				E7791A5123853A510075BAFD /* GigyaAuthTests.swift */,
				E7791A5323853A510075BAFD /* Info.plist */,
			);
			path = GigyaAuthTests;
			sourceTree = "<group>";
		};
		E7791A5F23853E3C0075BAFD /* Frameworks */ = {
			isa = PBXGroup;
			children = (
				E75097812434CA3A008E984C /* Gigya.framework */,
				E7791A6023853E3C0075BAFD /* Gigya.framework */,
			);
			name = Frameworks;
			sourceTree = "<group>";
		};
		E7791A6423853EDA0075BAFD /* PushNotifications */ = {
			isa = PBXGroup;
			children = (
				E7791A6523853EF40075BAFD /* PushLoginManager.swift */,
			);
			path = PushNotifications;
			sourceTree = "<group>";
		};
/* End PBXGroup section */

/* Begin PBXHeadersBuildPhase section */
		E7791A3E23853A510075BAFD /* Headers */ = {
			isa = PBXHeadersBuildPhase;
			buildActionMask = 2147483647;
			files = (
				E7791A5423853A510075BAFD /* GigyaAuth.h in Headers */,
			);
			runOnlyForDeploymentPostprocessing = 0;
		};
/* End PBXHeadersBuildPhase section */

/* Begin PBXNativeTarget section */
		E7791A4223853A510075BAFD /* GigyaAuth */ = {
			isa = PBXNativeTarget;
			buildConfigurationList = E7791A5723853A510075BAFD /* Build configuration list for PBXNativeTarget "GigyaAuth" */;
			buildPhases = (
				E7791A3E23853A510075BAFD /* Headers */,
				E7791A3F23853A510075BAFD /* Sources */,
				E7791A4023853A510075BAFD /* Frameworks */,
				E7791A4123853A510075BAFD /* Resources */,
			);
			buildRules = (
			);
			dependencies = (
			);
			name = GigyaAuth;
			productName = GigyaAuth;
			productReference = E7791A4323853A510075BAFD /* GigyaAuth.framework */;
			productType = "com.apple.product-type.framework";
		};
		E7791A4B23853A510075BAFD /* GigyaAuthTests */ = {
			isa = PBXNativeTarget;
			buildConfigurationList = E7791A5A23853A510075BAFD /* Build configuration list for PBXNativeTarget "GigyaAuthTests" */;
			buildPhases = (
				E7791A4823853A510075BAFD /* Sources */,
				E7791A4923853A510075BAFD /* Frameworks */,
				E7791A4A23853A510075BAFD /* Resources */,
			);
			buildRules = (
			);
			dependencies = (
				E7791A4F23853A510075BAFD /* PBXTargetDependency */,
			);
			name = GigyaAuthTests;
			productName = GigyaAuthTests;
			productReference = E7791A4C23853A510075BAFD /* GigyaAuthTests.xctest */;
			productType = "com.apple.product-type.bundle.unit-test";
		};
/* End PBXNativeTarget section */

/* Begin PBXProject section */
		E7791A3A23853A510075BAFD /* Project object */ = {
			isa = PBXProject;
			attributes = {
				LastSwiftUpdateCheck = 1120;
				LastUpgradeCheck = 1120;
				ORGANIZATIONNAME = Gigya;
				TargetAttributes = {
					E750977C2434C990008E984C = {
						CreatedOnToolsVersion = 11.4;
					};
					E7791A4223853A510075BAFD = {
						CreatedOnToolsVersion = 11.2.1;
						LastSwiftMigration = 1120;
					};
					E7791A4B23853A510075BAFD = {
						CreatedOnToolsVersion = 11.2.1;
					};
				};
			};
			buildConfigurationList = E7791A3D23853A510075BAFD /* Build configuration list for PBXProject "GigyaAuth" */;
			compatibilityVersion = "Xcode 9.3";
			developmentRegion = en;
			hasScannedForEncodings = 0;
			knownRegions = (
				en,
				Base,
			);
			mainGroup = E7791A3923853A510075BAFD;
			productRefGroup = E7791A4423853A510075BAFD /* Products */;
			projectDirPath = "";
			projectRoot = "";
			targets = (
				E7791A4223853A510075BAFD /* GigyaAuth */,
				E7791A4B23853A510075BAFD /* GigyaAuthTests */,
				E750977C2434C990008E984C /* GigyaAuth-Universal */,
			);
		};
/* End PBXProject section */

/* Begin PBXResourcesBuildPhase section */
		E7791A4123853A510075BAFD /* Resources */ = {
			isa = PBXResourcesBuildPhase;
			buildActionMask = 2147483647;
			files = (
			);
			runOnlyForDeploymentPostprocessing = 0;
		};
		E7791A4A23853A510075BAFD /* Resources */ = {
			isa = PBXResourcesBuildPhase;
			buildActionMask = 2147483647;
			files = (
			);
			runOnlyForDeploymentPostprocessing = 0;
		};
/* End PBXResourcesBuildPhase section */

/* Begin PBXShellScriptBuildPhase section */
		E75097802434C9AB008E984C /* ShellScript */ = {
			isa = PBXShellScriptBuildPhase;
			buildActionMask = 2147483647;
			files = (
			);
			inputFileListPaths = (
			);
			inputPaths = (
			);
			outputFileListPaths = (
			);
			outputPaths = (
			);
			runOnlyForDeploymentPostprocessing = 0;
			shellPath = /bin/sh;
			shellScript = "#!/bin/sh\n\nUNIVERSAL_OUTPUTFOLDER=${BUILD_DIR}/${CONFIGURATION}-universal\n\n# make sure the output directory exists\nmkdir -p \"${UNIVERSAL_OUTPUTFOLDER}\"\n\n# Step 1. Build Device and Simulator versions\nxcodebuild -target \"${PROJECT_NAME}\" ONLY_ACTIVE_ARCH=NO ARCHS='armv7 arm64' -configuration ${CONFIGURATION} -sdk iphoneos  BUILD_DIR=\"${BUILD_DIR}\" ENABLE_BITCODE=YES OTHER_CFLAGS=\"-fembed-bitcode\" BITCODE_GENERATION_MODE=bitcode BUILD_ROOT=\"${BUILD_ROOT}\" clean build\nxcodebuild -target \"${PROJECT_NAME}\" -configuration ${CONFIGURATION} -sdk iphonesimulator ONLY_ACTIVE_ARCH=NO ARCHS='i386 x86_64' ENABLE_BITCODE=YES OTHER_CFLAGS=\"-fembed-bitcode\" BITCODE_GENERATION_MODE=bitcode BUILD_DIR=\"${BUILD_DIR}\" BUILD_ROOT=\"${BUILD_ROOT}\" clean build\n\n# Step 2. Copy the framework structure (from iphoneos build) to the universal folder\ncp -R \"${BUILD_DIR}/${CONFIGURATION}-iphoneos/${PROJECT_NAME}.framework\" \"${UNIVERSAL_OUTPUTFOLDER}/\"\n\n# Step 3. Copy Swift modules from iphonesimulator build (if it exists) to the copied framework directory\nSIMULATOR_SWIFT_MODULES_DIR=\"${BUILD_DIR}/${CONFIGURATION}-iphonesimulator/${PROJECT_NAME}.framework/Modules/${PROJECT_NAME}.swiftmodule/.\"\nif [ -d \"${SIMULATOR_SWIFT_MODULES_DIR}\" ]; then\ncp -R \"${SIMULATOR_SWIFT_MODULES_DIR}\" \"${UNIVERSAL_OUTPUTFOLDER}/${PROJECT_NAME}.framework/Modules/${PROJECT_NAME}.swiftmodule\"\nfi\n\n# Step 4. Create universal binary file using lipo and place the combined executable in the copied framework directory\nlipo -create -output \"${UNIVERSAL_OUTPUTFOLDER}/${PROJECT_NAME}.framework/${PROJECT_NAME}\" \"${BUILD_DIR}/${CONFIGURATION}-iphonesimulator/${PROJECT_NAME}.framework/${PROJECT_NAME}\" \"${BUILD_DIR}/${CONFIGURATION}-iphoneos/${PROJECT_NAME}.framework/${PROJECT_NAME}\"\n\n# Step 5. Convenience step to copy the framework to the project's directory\ncp -R \"${UNIVERSAL_OUTPUTFOLDER}/${PROJECT_NAME}.framework\" \"${PROJECT_DIR}\"\n\n# Step 6. Convenience step to open the project's directory in Finder\nopen \"${PROJECT_DIR}\"\n";
		};
/* End PBXShellScriptBuildPhase section */

/* Begin PBXSourcesBuildPhase section */
		E7791A3F23853A510075BAFD /* Sources */ = {
			isa = PBXSourcesBuildPhase;
			buildActionMask = 2147483647;
			files = (
				E7791A5E23853DF00075BAFD /* GigyaAuth.swift in Sources */,
				E7791A6623853EF40075BAFD /* PushLoginManager.swift in Sources */,
			);
			runOnlyForDeploymentPostprocessing = 0;
		};
		E7791A4823853A510075BAFD /* Sources */ = {
			isa = PBXSourcesBuildPhase;
			buildActionMask = 2147483647;
			files = (
				E7791A5223853A510075BAFD /* GigyaAuthTests.swift in Sources */,
			);
			runOnlyForDeploymentPostprocessing = 0;
		};
/* End PBXSourcesBuildPhase section */

/* Begin PBXTargetDependency section */
		E7791A4F23853A510075BAFD /* PBXTargetDependency */ = {
			isa = PBXTargetDependency;
			target = E7791A4223853A510075BAFD /* GigyaAuth */;
			targetProxy = E7791A4E23853A510075BAFD /* PBXContainerItemProxy */;
		};
/* End PBXTargetDependency section */

/* Begin XCBuildConfiguration section */
		E750977E2434C990008E984C /* Debug */ = {
			isa = XCBuildConfiguration;
			buildSettings = {
				CODE_SIGN_STYLE = Automatic;
				DEVELOPMENT_TEAM = T48CNFXFQH;
				PRODUCT_NAME = "$(TARGET_NAME)";
			};
			name = Debug;
		};
		E750977F2434C990008E984C /* Release */ = {
			isa = XCBuildConfiguration;
			buildSettings = {
				CODE_SIGN_STYLE = Automatic;
				DEVELOPMENT_TEAM = T48CNFXFQH;
				PRODUCT_NAME = "$(TARGET_NAME)";
			};
			name = Release;
		};
		E7791A5523853A510075BAFD /* Debug */ = {
			isa = XCBuildConfiguration;
			buildSettings = {
				ALWAYS_SEARCH_USER_PATHS = NO;
				CLANG_ANALYZER_NONNULL = YES;
				CLANG_ANALYZER_NUMBER_OBJECT_CONVERSION = YES_AGGRESSIVE;
				CLANG_CXX_LANGUAGE_STANDARD = "gnu++14";
				CLANG_CXX_LIBRARY = "libc++";
				CLANG_ENABLE_MODULES = YES;
				CLANG_ENABLE_OBJC_ARC = YES;
				CLANG_ENABLE_OBJC_WEAK = YES;
				CLANG_WARN_BLOCK_CAPTURE_AUTORELEASING = YES;
				CLANG_WARN_BOOL_CONVERSION = YES;
				CLANG_WARN_COMMA = YES;
				CLANG_WARN_CONSTANT_CONVERSION = YES;
				CLANG_WARN_DEPRECATED_OBJC_IMPLEMENTATIONS = YES;
				CLANG_WARN_DIRECT_OBJC_ISA_USAGE = YES_ERROR;
				CLANG_WARN_DOCUMENTATION_COMMENTS = YES;
				CLANG_WARN_EMPTY_BODY = YES;
				CLANG_WARN_ENUM_CONVERSION = YES;
				CLANG_WARN_INFINITE_RECURSION = YES;
				CLANG_WARN_INT_CONVERSION = YES;
				CLANG_WARN_NON_LITERAL_NULL_CONVERSION = YES;
				CLANG_WARN_OBJC_IMPLICIT_RETAIN_SELF = YES;
				CLANG_WARN_OBJC_LITERAL_CONVERSION = YES;
				CLANG_WARN_OBJC_ROOT_CLASS = YES_ERROR;
				CLANG_WARN_RANGE_LOOP_ANALYSIS = YES;
				CLANG_WARN_STRICT_PROTOTYPES = YES;
				CLANG_WARN_SUSPICIOUS_MOVE = YES;
				CLANG_WARN_UNGUARDED_AVAILABILITY = YES_AGGRESSIVE;
				CLANG_WARN_UNREACHABLE_CODE = YES;
				CLANG_WARN__DUPLICATE_METHOD_MATCH = YES;
				COPY_PHASE_STRIP = NO;
				CURRENT_PROJECT_VERSION = 1;
				DEBUG_INFORMATION_FORMAT = dwarf;
				ENABLE_STRICT_OBJC_MSGSEND = YES;
				ENABLE_TESTABILITY = YES;
				GCC_C_LANGUAGE_STANDARD = gnu11;
				GCC_DYNAMIC_NO_PIC = NO;
				GCC_NO_COMMON_BLOCKS = YES;
				GCC_OPTIMIZATION_LEVEL = 0;
				GCC_PREPROCESSOR_DEFINITIONS = (
					"DEBUG=1",
					"$(inherited)",
				);
				GCC_WARN_64_TO_32_BIT_CONVERSION = YES;
				GCC_WARN_ABOUT_RETURN_TYPE = YES_ERROR;
				GCC_WARN_UNDECLARED_SELECTOR = YES;
				GCC_WARN_UNINITIALIZED_AUTOS = YES_AGGRESSIVE;
				GCC_WARN_UNUSED_FUNCTION = YES;
				GCC_WARN_UNUSED_VARIABLE = YES;
				IPHONEOS_DEPLOYMENT_TARGET = 13.2;
				MTL_ENABLE_DEBUG_INFO = INCLUDE_SOURCE;
				MTL_FAST_MATH = YES;
				ONLY_ACTIVE_ARCH = YES;
				SDKROOT = iphoneos;
				SWIFT_ACTIVE_COMPILATION_CONDITIONS = DEBUG;
				SWIFT_OPTIMIZATION_LEVEL = "-Onone";
				VERSIONING_SYSTEM = "apple-generic";
				VERSION_INFO_PREFIX = "";
			};
			name = Debug;
		};
		E7791A5623853A510075BAFD /* Release */ = {
			isa = XCBuildConfiguration;
			buildSettings = {
				ALWAYS_SEARCH_USER_PATHS = NO;
				CLANG_ANALYZER_NONNULL = YES;
				CLANG_ANALYZER_NUMBER_OBJECT_CONVERSION = YES_AGGRESSIVE;
				CLANG_CXX_LANGUAGE_STANDARD = "gnu++14";
				CLANG_CXX_LIBRARY = "libc++";
				CLANG_ENABLE_MODULES = YES;
				CLANG_ENABLE_OBJC_ARC = YES;
				CLANG_ENABLE_OBJC_WEAK = YES;
				CLANG_WARN_BLOCK_CAPTURE_AUTORELEASING = YES;
				CLANG_WARN_BOOL_CONVERSION = YES;
				CLANG_WARN_COMMA = YES;
				CLANG_WARN_CONSTANT_CONVERSION = YES;
				CLANG_WARN_DEPRECATED_OBJC_IMPLEMENTATIONS = YES;
				CLANG_WARN_DIRECT_OBJC_ISA_USAGE = YES_ERROR;
				CLANG_WARN_DOCUMENTATION_COMMENTS = YES;
				CLANG_WARN_EMPTY_BODY = YES;
				CLANG_WARN_ENUM_CONVERSION = YES;
				CLANG_WARN_INFINITE_RECURSION = YES;
				CLANG_WARN_INT_CONVERSION = YES;
				CLANG_WARN_NON_LITERAL_NULL_CONVERSION = YES;
				CLANG_WARN_OBJC_IMPLICIT_RETAIN_SELF = YES;
				CLANG_WARN_OBJC_LITERAL_CONVERSION = YES;
				CLANG_WARN_OBJC_ROOT_CLASS = YES_ERROR;
				CLANG_WARN_RANGE_LOOP_ANALYSIS = YES;
				CLANG_WARN_STRICT_PROTOTYPES = YES;
				CLANG_WARN_SUSPICIOUS_MOVE = YES;
				CLANG_WARN_UNGUARDED_AVAILABILITY = YES_AGGRESSIVE;
				CLANG_WARN_UNREACHABLE_CODE = YES;
				CLANG_WARN__DUPLICATE_METHOD_MATCH = YES;
				COPY_PHASE_STRIP = NO;
				CURRENT_PROJECT_VERSION = 1;
				DEBUG_INFORMATION_FORMAT = "dwarf-with-dsym";
				ENABLE_NS_ASSERTIONS = NO;
				ENABLE_STRICT_OBJC_MSGSEND = YES;
				GCC_C_LANGUAGE_STANDARD = gnu11;
				GCC_NO_COMMON_BLOCKS = YES;
				GCC_WARN_64_TO_32_BIT_CONVERSION = YES;
				GCC_WARN_ABOUT_RETURN_TYPE = YES_ERROR;
				GCC_WARN_UNDECLARED_SELECTOR = YES;
				GCC_WARN_UNINITIALIZED_AUTOS = YES_AGGRESSIVE;
				GCC_WARN_UNUSED_FUNCTION = YES;
				GCC_WARN_UNUSED_VARIABLE = YES;
				IPHONEOS_DEPLOYMENT_TARGET = 13.2;
				MTL_ENABLE_DEBUG_INFO = NO;
				MTL_FAST_MATH = YES;
				SDKROOT = iphoneos;
				SWIFT_COMPILATION_MODE = wholemodule;
				SWIFT_OPTIMIZATION_LEVEL = "-O";
				VALIDATE_PRODUCT = YES;
				VERSIONING_SYSTEM = "apple-generic";
				VERSION_INFO_PREFIX = "";
			};
			name = Release;
		};
		E7791A5823853A510075BAFD /* Debug */ = {
			isa = XCBuildConfiguration;
			buildSettings = {
				BUILD_LIBRARY_FOR_DISTRIBUTION = YES;
				CLANG_ENABLE_MODULES = YES;
				CODE_SIGN_STYLE = Automatic;
				CURRENT_PROJECT_VERSION = 5;
				DEFINES_MODULE = YES;
				DEVELOPMENT_TEAM = T48CNFXFQH;
				DYLIB_COMPATIBILITY_VERSION = 1;
				DYLIB_CURRENT_VERSION = 1;
				DYLIB_INSTALL_NAME_BASE = "@rpath";
				EXCLUDED_ARCHS = i386;
				FRAMEWORK_SEARCH_PATHS = (
					"$(inherited)",
					"$(PROJECT_DIR)",
				);
				INFOPLIST_FILE = GigyaAuth/Info.plist;
				INSTALL_PATH = "$(LOCAL_LIBRARY_DIR)/Frameworks";
				IPHONEOS_DEPLOYMENT_TARGET = 10.0;
				LD_RUNPATH_SEARCH_PATHS = (
					"$(inherited)",
					"@executable_path/Frameworks",
					"@loader_path/Frameworks",
				);
				MARKETING_VERSION = 1.0.3;
				ONLY_ACTIVE_ARCH = NO;
				PRODUCT_BUNDLE_IDENTIFIER = Gigya.GigyaAuth;
				PRODUCT_NAME = "$(TARGET_NAME:c99extidentifier)";
				SKIP_INSTALL = YES;
				SWIFT_OPTIMIZATION_LEVEL = "-Onone";
				SWIFT_VERSION = 5.0;
				TARGETED_DEVICE_FAMILY = "1,2";
			};
			name = Debug;
		};
		E7791A5923853A510075BAFD /* Release */ = {
			isa = XCBuildConfiguration;
			buildSettings = {
				BUILD_LIBRARY_FOR_DISTRIBUTION = YES;
				CLANG_ENABLE_MODULES = YES;
				CODE_SIGN_STYLE = Automatic;
				CURRENT_PROJECT_VERSION = 5;
				DEFINES_MODULE = YES;
				DEVELOPMENT_TEAM = T48CNFXFQH;
				DYLIB_COMPATIBILITY_VERSION = 1;
				DYLIB_CURRENT_VERSION = 1;
				DYLIB_INSTALL_NAME_BASE = "@rpath";
				EXCLUDED_ARCHS = i386;
				FRAMEWORK_SEARCH_PATHS = (
					"$(inherited)",
					"$(PROJECT_DIR)",
				);
				INFOPLIST_FILE = GigyaAuth/Info.plist;
				INSTALL_PATH = "$(LOCAL_LIBRARY_DIR)/Frameworks";
				IPHONEOS_DEPLOYMENT_TARGET = 10.0;
				LD_RUNPATH_SEARCH_PATHS = (
					"$(inherited)",
					"@executable_path/Frameworks",
					"@loader_path/Frameworks",
				);
				MARKETING_VERSION = 1.0.3;
				PRODUCT_BUNDLE_IDENTIFIER = Gigya.GigyaAuth;
				PRODUCT_NAME = "$(TARGET_NAME:c99extidentifier)";
				SKIP_INSTALL = YES;
				SWIFT_VERSION = 5.0;
				TARGETED_DEVICE_FAMILY = "1,2";
			};
			name = Release;
		};
		E7791A5B23853A510075BAFD /* Debug */ = {
			isa = XCBuildConfiguration;
			buildSettings = {
				ALWAYS_EMBED_SWIFT_STANDARD_LIBRARIES = YES;
				CODE_SIGN_STYLE = Automatic;
				DEVELOPMENT_TEAM = T48CNFXFQH;
				INFOPLIST_FILE = GigyaAuthTests/Info.plist;
				IPHONEOS_DEPLOYMENT_TARGET = 10.0;
				LD_RUNPATH_SEARCH_PATHS = (
					"$(inherited)",
					"@executable_path/Frameworks",
					"@loader_path/Frameworks",
				);
				PRODUCT_BUNDLE_IDENTIFIER = Gigya.GigyaAuthTests;
				PRODUCT_NAME = "$(TARGET_NAME)";
				SWIFT_VERSION = 5.0;
				TARGETED_DEVICE_FAMILY = "1,2";
			};
			name = Debug;
		};
		E7791A5C23853A510075BAFD /* Release */ = {
			isa = XCBuildConfiguration;
			buildSettings = {
				ALWAYS_EMBED_SWIFT_STANDARD_LIBRARIES = YES;
				CODE_SIGN_STYLE = Automatic;
				DEVELOPMENT_TEAM = T48CNFXFQH;
				INFOPLIST_FILE = GigyaAuthTests/Info.plist;
				IPHONEOS_DEPLOYMENT_TARGET = 10.0;
				LD_RUNPATH_SEARCH_PATHS = (
					"$(inherited)",
					"@executable_path/Frameworks",
					"@loader_path/Frameworks",
				);
				PRODUCT_BUNDLE_IDENTIFIER = Gigya.GigyaAuthTests;
				PRODUCT_NAME = "$(TARGET_NAME)";
				SWIFT_VERSION = 5.0;
				TARGETED_DEVICE_FAMILY = "1,2";
			};
			name = Release;
		};
/* End XCBuildConfiguration section */

/* Begin XCConfigurationList section */
		E750977D2434C990008E984C /* Build configuration list for PBXAggregateTarget "GigyaAuth-Universal" */ = {
			isa = XCConfigurationList;
			buildConfigurations = (
				E750977E2434C990008E984C /* Debug */,
				E750977F2434C990008E984C /* Release */,
			);
			defaultConfigurationIsVisible = 0;
			defaultConfigurationName = Release;
		};
		E7791A3D23853A510075BAFD /* Build configuration list for PBXProject "GigyaAuth" */ = {
			isa = XCConfigurationList;
			buildConfigurations = (
				E7791A5523853A510075BAFD /* Debug */,
				E7791A5623853A510075BAFD /* Release */,
			);
			defaultConfigurationIsVisible = 0;
			defaultConfigurationName = Release;
		};
		E7791A5723853A510075BAFD /* Build configuration list for PBXNativeTarget "GigyaAuth" */ = {
			isa = XCConfigurationList;
			buildConfigurations = (
				E7791A5823853A510075BAFD /* Debug */,
				E7791A5923853A510075BAFD /* Release */,
			);
			defaultConfigurationIsVisible = 0;
			defaultConfigurationName = Release;
		};
		E7791A5A23853A510075BAFD /* Build configuration list for PBXNativeTarget "GigyaAuthTests" */ = {
			isa = XCConfigurationList;
			buildConfigurations = (
				E7791A5B23853A510075BAFD /* Debug */,
				E7791A5C23853A510075BAFD /* Release */,
			);
			defaultConfigurationIsVisible = 0;
			defaultConfigurationName = Release;
		};
/* End XCConfigurationList section */
	};
	rootObject = E7791A3A23853A510075BAFD /* Project object */;
}
